
Microsoft Visual Studio Solution File, Format Version 12.00
# Visual Studio Version 17
VisualStudioVersion = 17.8.34330.188
MinimumVisualStudioVersion = 10.0.40219.1
Project("{FAE04EC0-301F-11D3-BF4B-00C04F79EFBC}") = "AspXMLFIleParser", "AspXMLFIleParser\AspXMLFIleParser.csproj", "{FAB98546-C036-4983-8B44-51C9063975C0}"
EndProject
Global
	GlobalSection(SolutionConfigurationPlatforms) = preSolution
		Debug|Any CPU = Debug|Any CPU
		Release|Any CPU = Release|Any CPU
	EndGlobalSection
	GlobalSection(ProjectConfigurationPlatforms) = postSolution
		{FAB98546-C036-4983-8B44-51C9063975C0}.Debug|Any CPU.ActiveCfg = Debug|Any CPU
		{FAB98546-C036-4983-8B44-51C9063975C0}.Debug|Any CPU.Build.0 = Debug|Any CPU
		{FAB98546-C036-4983-8B44-51C9063975C0}.Release|Any CPU.ActiveCfg = Release|Any CPU
		{FAB98546-C036-4983-8B44-51C9063975C0}.Release|Any CPU.Build.0 = Release|Any CPU
	EndGlobalSection
	GlobalSection(SolutionProperties) = preSolution
		HideSolutionNode = FALSE
	EndGlobalSection
	GlobalSection(ExtensibilityGlobals) = postSolution
		SolutionGuid = {C0A53B9D-A345-4694-81F7-F8E27D59D94D}
	EndGlobalSection
EndGlobal
